// !$*UTF8*$!
{
	archiveVersion = 1;
	classes = {
	};
	objectVersion = 46;
	objects = {

/* Begin PBXBuildFile section */
		BA15438E173011A500608ADC /* GameViewController.m in Sources */ = {isa = PBXBuildFile; fileRef = BA15438D173011A400608ADC /* GameViewController.m */; };
		BA1543911730130F00608ADC /* Game.m in Sources */ = {isa = PBXBuildFile; fileRef = BA1543901730130F00608ADC /* Game.m */; };
		BA34CF0A1753AEDD00F10F0C /* icon-cross.png in Resources */ = {isa = PBXBuildFile; fileRef = BA34CF081753AEDD00F10F0C /* icon-cross.png */; };
		BA34CF0B1753AEDD00F10F0C /* icon-cross@2x.png in Resources */ = {isa = PBXBuildFile; fileRef = BA34CF091753AEDD00F10F0C /* icon-cross@2x.png */; };
		BA592EEC1728A72200ED7E22 /* JoinViewController.m in Sources */ = {isa = PBXBuildFile; fileRef = BA592EEB1728A72200ED7E22 /* JoinViewController.m */; };
		BA844B5C172C3FAB00CE53D6 /* GameKit.framework in Frameworks */ = {isa = PBXBuildFile; fileRef = BA844B5B172C3FAB00CE53D6 /* GameKit.framework */; };
		BA844B69172C643300CE53D6 /* MatchmakingClient.m in Sources */ = {isa = PBXBuildFile; fileRef = BA844B66172C643300CE53D6 /* MatchmakingClient.m */; };
		BA844B6A172C643300CE53D6 /* MatchmakingServer.m in Sources */ = {isa = PBXBuildFile; fileRef = BA844B68172C643300CE53D6 /* MatchmakingServer.m */; };
		BA8B77DA174ECE740054A361 /* GridView.m in Sources */ = {isa = PBXBuildFile; fileRef = BA8B77D9174ECE740054A361 /* GridView.m */; };
		BA8B77DD174ECE880054A361 /* ShipView.m in Sources */ = {isa = PBXBuildFile; fileRef = BA8B77DC174ECE880054A361 /* ShipView.m */; };
		BA8B77E0174ED0D60054A361 /* Ship.m in Sources */ = {isa = PBXBuildFile; fileRef = BA8B77DF174ED0D60054A361 /* Ship.m */; };
		BA9C4778172C98EB00A2E0D6 /* PlayViewController.m in Sources */ = {isa = PBXBuildFile; fileRef = BA9C4777172C98EB00A2E0D6 /* PlayViewController.m */; };
		BAA45F351754BFA900A92FD8 /* RulesViewController.m in Sources */ = {isa = PBXBuildFile; fileRef = BAA45F341754BFA900A92FD8 /* RulesViewController.m */; };
		BAA45F371754C38400A92FD8 /* Rules.pdf in Resources */ = {isa = PBXBuildFile; fileRef = BAA45F361754C38400A92FD8 /* Rules.pdf */; };
		BAAFD7351754073800A93F42 /* GameView.xib in Resources */ = {isa = PBXBuildFile; fileRef = BAAFD7331754073800A93F42 /* GameView.xib */; };
		BABDC71F17502EA30024B7F5 /* QuartzCore.framework in Frameworks */ = {isa = PBXBuildFile; fileRef = BABDC71E17502EA30024B7F5 /* QuartzCore.framework */; };
		BAC368BB1732519300B20998 /* Player.m in Sources */ = {isa = PBXBuildFile; fileRef = BAC368BA1732519300B20998 /* Player.m */; };
		BAC368C61732A05400B20998 /* Packet.m in Sources */ = {isa = PBXBuildFile; fileRef = BAC368C51732A05400B20998 /* Packet.m */; };
		BAFFD94E1722122500B49BF2 /* UIKit.framework in Frameworks */ = {isa = PBXBuildFile; fileRef = BAFFD94D1722122500B49BF2 /* UIKit.framework */; };
		BAFFD9501722122500B49BF2 /* Foundation.framework in Frameworks */ = {isa = PBXBuildFile; fileRef = BAFFD94F1722122500B49BF2 /* Foundation.framework */; };
		BAFFD9521722122500B49BF2 /* CoreGraphics.framework in Frameworks */ = {isa = PBXBuildFile; fileRef = BAFFD9511722122500B49BF2 /* CoreGraphics.framework */; };
		BAFFD9581722122500B49BF2 /* InfoPlist.strings in Resources */ = {isa = PBXBuildFile; fileRef = BAFFD9561722122500B49BF2 /* InfoPlist.strings */; };
		BAFFD95A1722122500B49BF2 /* main.m in Sources */ = {isa = PBXBuildFile; fileRef = BAFFD9591722122500B49BF2 /* main.m */; };
		BAFFD95E1722122500B49BF2 /* AppDelegate.m in Sources */ = {isa = PBXBuildFile; fileRef = BAFFD95D1722122500B49BF2 /* AppDelegate.m */; };
		BAFFD9601722122500B49BF2 /* Default.png in Resources */ = {isa = PBXBuildFile; fileRef = BAFFD95F1722122500B49BF2 /* Default.png */; };
		BAFFD9621722122500B49BF2 /* Default@2x.png in Resources */ = {isa = PBXBuildFile; fileRef = BAFFD9611722122500B49BF2 /* Default@2x.png */; };
		BAFFD9641722122500B49BF2 /* Default-568h@2x.png in Resources */ = {isa = PBXBuildFile; fileRef = BAFFD9631722122500B49BF2 /* Default-568h@2x.png */; };
		BAFFD96E1722159600B49BF2 /* Storyboard.storyboard in Resources */ = {isa = PBXBuildFile; fileRef = BAFFD96C1722159600B49BF2 /* Storyboard.storyboard */; };
		BAFFD9711722F36500B49BF2 /* HostViewController.m in Sources */ = {isa = PBXBuildFile; fileRef = BAFFD9701722F36500B49BF2 /* HostViewController.m */; };
/* End PBXBuildFile section */

/* Begin PBXFileReference section */
		BA15438C173011A400608ADC /* GameViewController.h */ = {isa = PBXFileReference; fileEncoding = 4; lastKnownFileType = sourcecode.c.h; path = GameViewController.h; sourceTree = "<group>"; };
		BA15438D173011A400608ADC /* GameViewController.m */ = {isa = PBXFileReference; fileEncoding = 4; lastKnownFileType = sourcecode.c.objc; path = GameViewController.m; sourceTree = "<group>"; };
		BA15438F1730130F00608ADC /* Game.h */ = {isa = PBXFileReference; fileEncoding = 4; lastKnownFileType = sourcecode.c.h; path = Game.h; sourceTree = "<group>"; };
		BA1543901730130F00608ADC /* Game.m */ = {isa = PBXFileReference; fileEncoding = 4; lastKnownFileType = sourcecode.c.objc; path = Game.m; sourceTree = "<group>"; };
		BA34CF081753AEDD00F10F0C /* icon-cross.png */ = {isa = PBXFileReference; lastKnownFileType = image.png; path = "icon-cross.png"; sourceTree = "<group>"; };
		BA34CF091753AEDD00F10F0C /* icon-cross@2x.png */ = {isa = PBXFileReference; lastKnownFileType = image.png; path = "icon-cross@2x.png"; sourceTree = "<group>"; };
		BA592EEA1728A72200ED7E22 /* JoinViewController.h */ = {isa = PBXFileReference; fileEncoding = 4; lastKnownFileType = sourcecode.c.h; path = JoinViewController.h; sourceTree = "<group>"; };
		BA592EEB1728A72200ED7E22 /* JoinViewController.m */ = {isa = PBXFileReference; fileEncoding = 4; lastKnownFileType = sourcecode.c.objc; path = JoinViewController.m; sourceTree = "<group>"; };
		BA844B5B172C3FAB00CE53D6 /* GameKit.framework */ = {isa = PBXFileReference; lastKnownFileType = wrapper.framework; name = GameKit.framework; path = System/Library/Frameworks/GameKit.framework; sourceTree = SDKROOT; };
		BA844B65172C643300CE53D6 /* MatchmakingClient.h */ = {isa = PBXFileReference; fileEncoding = 4; lastKnownFileType = sourcecode.c.h; path = MatchmakingClient.h; sourceTree = "<group>"; };
		BA844B66172C643300CE53D6 /* MatchmakingClient.m */ = {isa = PBXFileReference; fileEncoding = 4; lastKnownFileType = sourcecode.c.objc; path = MatchmakingClient.m; sourceTree = "<group>"; };
		BA844B67172C643300CE53D6 /* MatchmakingServer.h */ = {isa = PBXFileReference; fileEncoding = 4; lastKnownFileType = sourcecode.c.h; path = MatchmakingServer.h; sourceTree = "<group>"; };
		BA844B68172C643300CE53D6 /* MatchmakingServer.m */ = {isa = PBXFileReference; fileEncoding = 4; lastKnownFileType = sourcecode.c.objc; path = MatchmakingServer.m; sourceTree = "<group>"; };
		BA8B77D8174ECE740054A361 /* GridView.h */ = {isa = PBXFileReference; fileEncoding = 4; lastKnownFileType = sourcecode.c.h; path = GridView.h; sourceTree = "<group>"; };
		BA8B77D9174ECE740054A361 /* GridView.m */ = {isa = PBXFileReference; fileEncoding = 4; lastKnownFileType = sourcecode.c.objc; path = GridView.m; sourceTree = "<group>"; };
		BA8B77DB174ECE870054A361 /* ShipView.h */ = {isa = PBXFileReference; fileEncoding = 4; lastKnownFileType = sourcecode.c.h; path = ShipView.h; sourceTree = "<group>"; };
		BA8B77DC174ECE880054A361 /* ShipView.m */ = {isa = PBXFileReference; fileEncoding = 4; lastKnownFileType = sourcecode.c.objc; path = ShipView.m; sourceTree = "<group>"; };
		BA8B77DE174ED0D60054A361 /* Ship.h */ = {isa = PBXFileReference; fileEncoding = 4; lastKnownFileType = sourcecode.c.h; path = Ship.h; sourceTree = "<group>"; };
		BA8B77DF174ED0D60054A361 /* Ship.m */ = {isa = PBXFileReference; fileEncoding = 4; lastKnownFileType = sourcecode.c.objc; path = Ship.m; sourceTree = "<group>"; };
		BA9C4776172C98EB00A2E0D6 /* PlayViewController.h */ = {isa = PBXFileReference; fileEncoding = 4; lastKnownFileType = sourcecode.c.h; path = PlayViewController.h; sourceTree = "<group>"; };
		BA9C4777172C98EB00A2E0D6 /* PlayViewController.m */ = {isa = PBXFileReference; fileEncoding = 4; lastKnownFileType = sourcecode.c.objc; path = PlayViewController.m; sourceTree = "<group>"; };
		BAA45F331754BFA900A92FD8 /* RulesViewController.h */ = {isa = PBXFileReference; fileEncoding = 4; lastKnownFileType = sourcecode.c.h; path = RulesViewController.h; sourceTree = "<group>"; };
		BAA45F341754BFA900A92FD8 /* RulesViewController.m */ = {isa = PBXFileReference; fileEncoding = 4; lastKnownFileType = sourcecode.c.objc; path = RulesViewController.m; sourceTree = "<group>"; };
		BAA45F361754C38400A92FD8 /* Rules.pdf */ = {isa = PBXFileReference; lastKnownFileType = image.pdf; path = Rules.pdf; sourceTree = "<group>"; };
		BAAFD7341754073800A93F42 /* en */ = {isa = PBXFileReference; lastKnownFileType = file.xib; name = en; path = Battleship/en.lproj/GameView.xib; sourceTree = "<group>"; };
		BABDC71E17502EA30024B7F5 /* QuartzCore.framework */ = {isa = PBXFileReference; lastKnownFileType = wrapper.framework; name = QuartzCore.framework; path = System/Library/Frameworks/QuartzCore.framework; sourceTree = SDKROOT; };
		BAC368B91732519300B20998 /* Player.h */ = {isa = PBXFileReference; fileEncoding = 4; lastKnownFileType = sourcecode.c.h; path = Player.h; sourceTree = "<group>"; };
		BAC368BA1732519300B20998 /* Player.m */ = {isa = PBXFileReference; fileEncoding = 4; lastKnownFileType = sourcecode.c.objc; path = Player.m; sourceTree = "<group>"; };
		BAC368C41732A05400B20998 /* Packet.h */ = {isa = PBXFileReference; fileEncoding = 4; lastKnownFileType = sourcecode.c.h; path = Packet.h; sourceTree = "<group>"; };
		BAC368C51732A05400B20998 /* Packet.m */ = {isa = PBXFileReference; fileEncoding = 4; lastKnownFileType = sourcecode.c.objc; path = Packet.m; sourceTree = "<group>"; };
		BAFFD94A1722122500B49BF2 /* Battleship.app */ = {isa = PBXFileReference; explicitFileType = wrapper.application; includeInIndex = 0; path = Battleship.app; sourceTree = BUILT_PRODUCTS_DIR; };
		BAFFD94D1722122500B49BF2 /* UIKit.framework */ = {isa = PBXFileReference; lastKnownFileType = wrapper.framework; name = UIKit.framework; path = System/Library/Frameworks/UIKit.framework; sourceTree = SDKROOT; };
		BAFFD94F1722122500B49BF2 /* Foundation.framework */ = {isa = PBXFileReference; lastKnownFileType = wrapper.framework; name = Foundation.framework; path = System/Library/Frameworks/Foundation.framework; sourceTree = SDKROOT; };
		BAFFD9511722122500B49BF2 /* CoreGraphics.framework */ = {isa = PBXFileReference; lastKnownFileType = wrapper.framework; name = CoreGraphics.framework; path = System/Library/Frameworks/CoreGraphics.framework; sourceTree = SDKROOT; };
		BAFFD9551722122500B49BF2 /* Battleship-Info.plist */ = {isa = PBXFileReference; lastKnownFileType = text.plist.xml; path = "Battleship-Info.plist"; sourceTree = "<group>"; };
		BAFFD9571722122500B49BF2 /* en */ = {isa = PBXFileReference; lastKnownFileType = text.plist.strings; name = en; path = en.lproj/InfoPlist.strings; sourceTree = "<group>"; };
		BAFFD9591722122500B49BF2 /* main.m */ = {isa = PBXFileReference; lastKnownFileType = sourcecode.c.objc; path = main.m; sourceTree = "<group>"; };
		BAFFD95B1722122500B49BF2 /* Battleship-Prefix.pch */ = {isa = PBXFileReference; lastKnownFileType = sourcecode.c.h; path = "Battleship-Prefix.pch"; sourceTree = "<group>"; };
		BAFFD95C1722122500B49BF2 /* AppDelegate.h */ = {isa = PBXFileReference; lastKnownFileType = sourcecode.c.h; path = AppDelegate.h; sourceTree = "<group>"; };
		BAFFD95D1722122500B49BF2 /* AppDelegate.m */ = {isa = PBXFileReference; lastKnownFileType = sourcecode.c.objc; path = AppDelegate.m; sourceTree = "<group>"; };
		BAFFD95F1722122500B49BF2 /* Default.png */ = {isa = PBXFileReference; lastKnownFileType = image.png; path = Default.png; sourceTree = "<group>"; };
		BAFFD9611722122500B49BF2 /* Default@2x.png */ = {isa = PBXFileReference; lastKnownFileType = image.png; path = "Default@2x.png"; sourceTree = "<group>"; };
		BAFFD9631722122500B49BF2 /* Default-568h@2x.png */ = {isa = PBXFileReference; lastKnownFileType = image.png; path = "Default-568h@2x.png"; sourceTree = "<group>"; };
		BAFFD96D1722159600B49BF2 /* en */ = {isa = PBXFileReference; lastKnownFileType = file.storyboard; name = en; path = en.lproj/Storyboard.storyboard; sourceTree = "<group>"; };
		BAFFD96F1722F36500B49BF2 /* HostViewController.h */ = {isa = PBXFileReference; fileEncoding = 4; lastKnownFileType = sourcecode.c.h; path = HostViewController.h; sourceTree = "<group>"; };
		BAFFD9701722F36500B49BF2 /* HostViewController.m */ = {isa = PBXFileReference; fileEncoding = 4; lastKnownFileType = sourcecode.c.objc; path = HostViewController.m; sourceTree = "<group>"; };
/* End PBXFileReference section */

/* Begin PBXFrameworksBuildPhase section */
		BAFFD9471722122500B49BF2 /* Frameworks */ = {
			isa = PBXFrameworksBuildPhase;
			buildActionMask = 2147483647;
			files = (
				BAFFD94E1722122500B49BF2 /* UIKit.framework in Frameworks */,
				BAFFD9501722122500B49BF2 /* Foundation.framework in Frameworks */,
				BAFFD9521722122500B49BF2 /* CoreGraphics.framework in Frameworks */,
				BABDC71F17502EA30024B7F5 /* QuartzCore.framework in Frameworks */,
				BA844B5C172C3FAB00CE53D6 /* GameKit.framework in Frameworks */,
			);
			runOnlyForDeploymentPostprocessing = 0;
		};
/* End PBXFrameworksBuildPhase section */

/* Begin PBXGroup section */
		BA15438B17300FFB00608ADC /* Data Model */ = {
			isa = PBXGroup;
			children = (
				BA15438F1730130F00608ADC /* Game.h */,
				BA1543901730130F00608ADC /* Game.m */,
				BAC368B91732519300B20998 /* Player.h */,
				BAC368BA1732519300B20998 /* Player.m */,
				BA8B77DE174ED0D60054A361 /* Ship.h */,
				BA8B77DF174ED0D60054A361 /* Ship.m */,
			);
			name = "Data Model";
			sourceTree = "<group>";
		};
		BA34CF071753AEDD00F10F0C /* Resources */ = {
			isa = PBXGroup;
			children = (
				BAA45F361754C38400A92FD8 /* Rules.pdf */,
				BA34CF081753AEDD00F10F0C /* icon-cross.png */,
				BA34CF091753AEDD00F10F0C /* icon-cross@2x.png */,
			);
			path = Resources;
			sourceTree = "<group>";
		};
		BA844B63172C63F800CE53D6 /* Networking */ = {
			isa = PBXGroup;
			children = (
				BA844B65172C643300CE53D6 /* MatchmakingClient.h */,
				BA844B66172C643300CE53D6 /* MatchmakingClient.m */,
				BA844B67172C643300CE53D6 /* MatchmakingServer.h */,
				BA844B68172C643300CE53D6 /* MatchmakingServer.m */,
				BAC368C41732A05400B20998 /* Packet.h */,
				BAC368C51732A05400B20998 /* Packet.m */,
			);
			name = Networking;
			sourceTree = "<group>";
		};
		BA844B64172C640F00CE53D6 /* View Controllers */ = {
			isa = PBXGroup;
			children = (
				BA592EEA1728A72200ED7E22 /* JoinViewController.h */,
				BA592EEB1728A72200ED7E22 /* JoinViewController.m */,
				BAFFD96F1722F36500B49BF2 /* HostViewController.h */,
				BAFFD9701722F36500B49BF2 /* HostViewController.m */,
				BA9C4776172C98EB00A2E0D6 /* PlayViewController.h */,
				BA9C4777172C98EB00A2E0D6 /* PlayViewController.m */,
				BA15438C173011A400608ADC /* GameViewController.h */,
				BA15438D173011A400608ADC /* GameViewController.m */,
				BAA45F331754BFA900A92FD8 /* RulesViewController.h */,
				BAA45F341754BFA900A92FD8 /* RulesViewController.m */,
			);
			name = "View Controllers";
			sourceTree = "<group>";
		};
		BA8B77D7174ECDC30054A361 /* Views */ = {
			isa = PBXGroup;
			children = (
				BA8B77D8174ECE740054A361 /* GridView.h */,
				BA8B77D9174ECE740054A361 /* GridView.m */,
				BA8B77DB174ECE870054A361 /* ShipView.h */,
				BA8B77DC174ECE880054A361 /* ShipView.m */,
			);
			name = Views;
			sourceTree = "<group>";
		};
		BAFFD9411722122500B49BF2 = {
			isa = PBXGroup;
			children = (
				BAFFD9531722122500B49BF2 /* Battleship */,
				BAFFD94C1722122500B49BF2 /* Frameworks */,
				BAFFD94B1722122500B49BF2 /* Products */,
			);
			sourceTree = "<group>";
		};
		BAFFD94B1722122500B49BF2 /* Products */ = {
			isa = PBXGroup;
			children = (
				BAFFD94A1722122500B49BF2 /* Battleship.app */,
			);
			name = Products;
			sourceTree = "<group>";
		};
		BAFFD94C1722122500B49BF2 /* Frameworks */ = {
			isa = PBXGroup;
			children = (
				BAFFD94D1722122500B49BF2 /* UIKit.framework */,
				BAFFD94F1722122500B49BF2 /* Foundation.framework */,
				BAFFD9511722122500B49BF2 /* CoreGraphics.framework */,
				BABDC71E17502EA30024B7F5 /* QuartzCore.framework */,
				BA844B5B172C3FAB00CE53D6 /* GameKit.framework */,
			);
			name = Frameworks;
			sourceTree = "<group>";
		};
		BAFFD9531722122500B49BF2 /* Battleship */ = {
			isa = PBXGroup;
			children = (
				BAFFD96C1722159600B49BF2 /* Storyboard.storyboard */,
				BAAFD7331754073800A93F42 /* GameView.xib */,
				BAFFD95C1722122500B49BF2 /* AppDelegate.h */,
				BAFFD95D1722122500B49BF2 /* AppDelegate.m */,
				BA15438B17300FFB00608ADC /* Data Model */,
				BA8B77D7174ECDC30054A361 /* Views */,
				BA844B64172C640F00CE53D6 /* View Controllers */,
				BA844B63172C63F800CE53D6 /* Networking */,
				BAFFD9541722122500B49BF2 /* Supporting Files */,
				BA34CF071753AEDD00F10F0C /* Resources */,
			);
			path = Battleship;
			sourceTree = "<group>";
		};
		BAFFD9541722122500B49BF2 /* Supporting Files */ = {
			isa = PBXGroup;
			children = (
				BAFFD9551722122500B49BF2 /* Battleship-Info.plist */,
				BAFFD9561722122500B49BF2 /* InfoPlist.strings */,
				BAFFD9591722122500B49BF2 /* main.m */,
				BAFFD95B1722122500B49BF2 /* Battleship-Prefix.pch */,
				BAFFD95F1722122500B49BF2 /* Default.png */,
				BAFFD9611722122500B49BF2 /* Default@2x.png */,
				BAFFD9631722122500B49BF2 /* Default-568h@2x.png */,
			);
			name = "Supporting Files";
			sourceTree = "<group>";
		};
/* End PBXGroup section */

/* Begin PBXNativeTarget section */
		BAFFD9491722122500B49BF2 /* Battleship */ = {
			isa = PBXNativeTarget;
			buildConfigurationList = BAFFD9671722122500B49BF2 /* Build configuration list for PBXNativeTarget "Battleship" */;
			buildPhases = (
				BAFFD9461722122500B49BF2 /* Sources */,
				BAFFD9471722122500B49BF2 /* Frameworks */,
				BAFFD9481722122500B49BF2 /* Resources */,
			);
			buildRules = (
			);
			dependencies = (
			);
			name = Battleship;
			productName = Battleship;
			productReference = BAFFD94A1722122500B49BF2 /* Battleship.app */;
			productType = "com.apple.product-type.application";
		};
/* End PBXNativeTarget section */

/* Begin PBXProject section */
		BAFFD9421722122500B49BF2 /* Project object */ = {
			isa = PBXProject;
			attributes = {
				LastUpgradeCheck = 0460;
				ORGANIZATIONNAME = "Ahmet Geymen";
			};
			buildConfigurationList = BAFFD9451722122500B49BF2 /* Build configuration list for PBXProject "Battleship" */;
			compatibilityVersion = "Xcode 3.2";
			developmentRegion = English;
			hasScannedForEncodings = 0;
			knownRegions = (
				en,
			);
			mainGroup = BAFFD9411722122500B49BF2;
			productRefGroup = BAFFD94B1722122500B49BF2 /* Products */;
			projectDirPath = "";
			projectRoot = "";
			targets = (
				BAFFD9491722122500B49BF2 /* Battleship */,
			);
		};
/* End PBXProject section */

/* Begin PBXResourcesBuildPhase section */
		BAFFD9481722122500B49BF2 /* Resources */ = {
			isa = PBXResourcesBuildPhase;
			buildActionMask = 2147483647;
			files = (
				BAFFD9581722122500B49BF2 /* InfoPlist.strings in Resources */,
				BAFFD9601722122500B49BF2 /* Default.png in Resources */,
				BAFFD9621722122500B49BF2 /* Default@2x.png in Resources */,
				BAFFD9641722122500B49BF2 /* Default-568h@2x.png in Resources */,
				BAFFD96E1722159600B49BF2 /* Storyboard.storyboard in Resources */,
				BA34CF0A1753AEDD00F10F0C /* icon-cross.png in Resources */,
				BA34CF0B1753AEDD00F10F0C /* icon-cross@2x.png in Resources */,
				BAAFD7351754073800A93F42 /* GameView.xib in Resources */,
				BAA45F371754C38400A92FD8 /* Rules.pdf in Resources */,
			);
			runOnlyForDeploymentPostprocessing = 0;
		};
/* End PBXResourcesBuildPhase section */

/* Begin PBXSourcesBuildPhase section */
		BAFFD9461722122500B49BF2 /* Sources */ = {
			isa = PBXSourcesBuildPhase;
			buildActionMask = 2147483647;
			files = (
				BAFFD95A1722122500B49BF2 /* main.m in Sources */,
				BAFFD95E1722122500B49BF2 /* AppDelegate.m in Sources */,
				BAFFD9711722F36500B49BF2 /* HostViewController.m in Sources */,
				BA592EEC1728A72200ED7E22 /* JoinViewController.m in Sources */,
				BA844B69172C643300CE53D6 /* MatchmakingClient.m in Sources */,
				BA844B6A172C643300CE53D6 /* MatchmakingServer.m in Sources */,
				BA9C4778172C98EB00A2E0D6 /* PlayViewController.m in Sources */,
				BA15438E173011A500608ADC /* GameViewController.m in Sources */,
				BA1543911730130F00608ADC /* Game.m in Sources */,
				BAC368BB1732519300B20998 /* Player.m in Sources */,
				BAC368C61732A05400B20998 /* Packet.m in Sources */,
				BA8B77DA174ECE740054A361 /* GridView.m in Sources */,
				BA8B77DD174ECE880054A361 /* ShipView.m in Sources */,
				BA8B77E0174ED0D60054A361 /* Ship.m in Sources */,
				BAA45F351754BFA900A92FD8 /* RulesViewController.m in Sources */,
			);
			runOnlyForDeploymentPostprocessing = 0;
		};
/* End PBXSourcesBuildPhase section */

/* Begin PBXVariantGroup section */
		BAAFD7331754073800A93F42 /* GameView.xib */ = {
			isa = PBXVariantGroup;
			children = (
				BAAFD7341754073800A93F42 /* en */,
			);
			name = GameView.xib;
			path = ..;
			sourceTree = "<group>";
		};
		BAFFD9561722122500B49BF2 /* InfoPlist.strings */ = {
			isa = PBXVariantGroup;
			children = (
				BAFFD9571722122500B49BF2 /* en */,
			);
			name = InfoPlist.strings;
			sourceTree = "<group>";
		};
		BAFFD96C1722159600B49BF2 /* Storyboard.storyboard */ = {
			isa = PBXVariantGroup;
			children = (
				BAFFD96D1722159600B49BF2 /* en */,
			);
			name = Storyboard.storyboard;
			sourceTree = "<group>";
		};
/* End PBXVariantGroup section */

/* Begin XCBuildConfiguration section */
		BAFFD9651722122500B49BF2 /* Debug */ = {
			isa = XCBuildConfiguration;
			buildSettings = {
				ALWAYS_SEARCH_USER_PATHS = NO;
				CLANG_CXX_LANGUAGE_STANDARD = "gnu++0x";
				CLANG_CXX_LIBRARY = "libc++";
				CLANG_ENABLE_OBJC_ARC = YES;
				CLANG_WARN_CONSTANT_CONVERSION = YES;
				CLANG_WARN_EMPTY_BODY = YES;
				CLANG_WARN_ENUM_CONVERSION = YES;
				CLANG_WARN_INT_CONVERSION = YES;
				CLANG_WARN__DUPLICATE_METHOD_MATCH = YES;
				"CODE_SIGN_IDENTITY[sdk=iphoneos*]" = "iPhone Developer";
				COPY_PHASE_STRIP = NO;
				GCC_C_LANGUAGE_STANDARD = gnu99;
				GCC_DYNAMIC_NO_PIC = NO;
				GCC_OPTIMIZATION_LEVEL = 0;
				GCC_PREPROCESSOR_DEFINITIONS = (
					"DEBUG=1",
					"$(inherited)",
				);
				GCC_SYMBOLS_PRIVATE_EXTERN = NO;
				GCC_WARN_ABOUT_RETURN_TYPE = YES;
				GCC_WARN_UNINITIALIZED_AUTOS = YES;
				GCC_WARN_UNUSED_VARIABLE = YES;
				IPHONEOS_DEPLOYMENT_TARGET = 6.1;
				ONLY_ACTIVE_ARCH = YES;
				SDKROOT = iphoneos;
				TARGETED_DEVICE_FAMILY = 2;
			};
			name = Debug;
		};
		BAFFD9661722122500B49BF2 /* Release */ = {
			isa = XCBuildConfiguration;
			buildSettings = {
				ALWAYS_SEARCH_USER_PATHS = NO;
				CLANG_CXX_LANGUAGE_STANDARD = "gnu++0x";
				CLANG_CXX_LIBRARY = "libc++";
				CLANG_ENABLE_OBJC_ARC = YES;
				CLANG_WARN_CONSTANT_CONVERSION = YES;
				CLANG_WARN_EMPTY_BODY = YES;
				CLANG_WARN_ENUM_CONVERSION = YES;
				CLANG_WARN_INT_CONVERSION = YES;
				CLANG_WARN__DUPLICATE_METHOD_MATCH = YES;
				"CODE_SIGN_IDENTITY[sdk=iphoneos*]" = "iPhone Developer";
				COPY_PHASE_STRIP = YES;
				GCC_C_LANGUAGE_STANDARD = gnu99;
				GCC_WARN_ABOUT_RETURN_TYPE = YES;
				GCC_WARN_UNINITIALIZED_AUTOS = YES;
				GCC_WARN_UNUSED_VARIABLE = YES;
				IPHONEOS_DEPLOYMENT_TARGET = 6.1;
				OTHER_CFLAGS = "-DNS_BLOCK_ASSERTIONS=1";
				SDKROOT = iphoneos;
				TARGETED_DEVICE_FAMILY = 2;
				VALIDATE_PRODUCT = YES;
			};
			name = Release;
		};
		BAFFD9681722122500B49BF2 /* Debug */ = {
			isa = XCBuildConfiguration;
			buildSettings = {
				GCC_PRECOMPILE_PREFIX_HEADER = YES;
				GCC_PREFIX_HEADER = "Battleship/Battleship-Prefix.pch";
				INFOPLIST_FILE = "Battleship/Battleship-Info.plist";
				IPHONEOS_DEPLOYMENT_TARGET = 6.1;
				PRODUCT_NAME = "$(TARGET_NAME)";
				WRAPPER_EXTENSION = app;
			};
			name = Debug;
		};
		BAFFD9691722122500B49BF2 /* Release */ = {
			isa = XCBuildConfiguration;
			buildSettings = {
				GCC_PRECOMPILE_PREFIX_HEADER = YES;
				GCC_PREFIX_HEADER = "Battleship/Battleship-Prefix.pch";
				INFOPLIST_FILE = "Battleship/Battleship-Info.plist";
				IPHONEOS_DEPLOYMENT_TARGET = 6.1;
				PRODUCT_NAME = "$(TARGET_NAME)";
				WRAPPER_EXTENSION = app;
			};
			name = Release;
		};
/* End XCBuildConfiguration section */

/* Begin XCConfigurationList section */
		BAFFD9451722122500B49BF2 /* Build configuration list for PBXProject "Battleship" */ = {
			isa = XCConfigurationList;
			buildConfigurations = (
				BAFFD9651722122500B49BF2 /* Debug */,
				BAFFD9661722122500B49BF2 /* Release */,
			);
			defaultConfigurationIsVisible = 0;
			defaultConfigurationName = Release;
		};
		BAFFD9671722122500B49BF2 /* Build configuration list for PBXNativeTarget "Battleship" */ = {
			isa = XCConfigurationList;
			buildConfigurations = (
				BAFFD9681722122500B49BF2 /* Debug */,
				BAFFD9691722122500B49BF2 /* Release */,
			);
			defaultConfigurationIsVisible = 0;
			defaultConfigurationName = Release;
		};
/* End XCConfigurationList section */
	};
	rootObject = BAFFD9421722122500B49BF2 /* Project object */;
}
